// !$*UTF8*$!
{
	archiveVersion = 1;
	classes = {
	};
	objectVersion = 56;
	objects = {

/* Begin PBXBuildFile section */
		3B341E652A4DFB2B0076BB5D /* PetitionFourView.swift in Sources */ = {isa = PBXBuildFile; fileRef = 3B341E642A4DFB2B0076BB5D /* PetitionFourView.swift */; };
		3BA298E02A4CCE0C00ADC09F /* PetitionOneView.swift in Sources */ = {isa = PBXBuildFile; fileRef = 3BA298DF2A4CCE0C00ADC09F /* PetitionOneView.swift */; };
		3BA298E42A4CCF8B00ADC09F /* PetitionTwoView.swift in Sources */ = {isa = PBXBuildFile; fileRef = 3BA298E32A4CCF8B00ADC09F /* PetitionTwoView.swift */; };
		3BA298E62A4CD09100ADC09F /* PetitionThreeView.swift in Sources */ = {isa = PBXBuildFile; fileRef = 3BA298E52A4CD09100ADC09F /* PetitionThreeView.swift */; };
		D735077C2A4B888B009680DD /* YOUthElectApp.swift in Sources */ = {isa = PBXBuildFile; fileRef = D735077B2A4B888B009680DD /* YOUthElectApp.swift */; };
		D735077E2A4B888B009680DD /* ContentView.swift in Sources */ = {isa = PBXBuildFile; fileRef = D735077D2A4B888B009680DD /* ContentView.swift */; };
		D73507802A4B888F009680DD /* Assets.xcassets in Resources */ = {isa = PBXBuildFile; fileRef = D735077F2A4B888F009680DD /* Assets.xcassets */; };
		D73507832A4B888F009680DD /* Preview Assets.xcassets in Resources */ = {isa = PBXBuildFile; fileRef = D73507822A4B888F009680DD /* Preview Assets.xcassets */; };
		D735078D2A4B8890009680DD /* YOUthElectTests.swift in Sources */ = {isa = PBXBuildFile; fileRef = D735078C2A4B8890009680DD /* YOUthElectTests.swift */; };
		D73507972A4B8890009680DD /* YOUthElectUITests.swift in Sources */ = {isa = PBXBuildFile; fileRef = D73507962A4B8890009680DD /* YOUthElectUITests.swift */; };
		D73507992A4B8890009680DD /* YOUthElectUITestsLaunchTests.swift in Sources */ = {isa = PBXBuildFile; fileRef = D73507982A4B8890009680DD /* YOUthElectUITestsLaunchTests.swift */; };
		D73507A62A4B8D0D009680DD /* TabBarView.swift in Sources */ = {isa = PBXBuildFile; fileRef = D73507A52A4B8D0D009680DD /* TabBarView.swift */; };
		D73507A82A4B8D1E009680DD /* VotingView.swift in Sources */ = {isa = PBXBuildFile; fileRef = D73507A72A4B8D1E009680DD /* VotingView.swift */; };
		D73507AA2A4B8D2D009680DD /* PetitionView.swift in Sources */ = {isa = PBXBuildFile; fileRef = D73507A92A4B8D2D009680DD /* PetitionView.swift */; };
		D73507AC2A4B8D49009680DD /* JournalView.swift in Sources */ = {isa = PBXBuildFile; fileRef = D73507AB2A4B8D49009680DD /* JournalView.swift */; };
		D73507AE2A4B8EE1009680DD /* CandidatesView.swift in Sources */ = {isa = PBXBuildFile; fileRef = D73507AD2A4B8EE1009680DD /* CandidatesView.swift */; };
		D735080D2A4CCFC5009680DD /* VoteOneView.swift in Sources */ = {isa = PBXBuildFile; fileRef = D735080C2A4CCFC5009680DD /* VoteOneView.swift */; };
		D735080F2A4CD28B009680DD /* VoteTwoView.swift in Sources */ = {isa = PBXBuildFile; fileRef = D735080E2A4CD28B009680DD /* VoteTwoView.swift */; };
		D73508112A4CD32F009680DD /* VoteThreeView.swift in Sources */ = {isa = PBXBuildFile; fileRef = D73508102A4CD32F009680DD /* VoteThreeView.swift */; };
		D73508132A4CD383009680DD /* VoteFourView.swift in Sources */ = {isa = PBXBuildFile; fileRef = D73508122A4CD383009680DD /* VoteFourView.swift */; };
		D73538FD2A4E8B4600BE1E36 /* ImagePicker.swift in Sources */ = {isa = PBXBuildFile; fileRef = D73538FC2A4E8B4600BE1E36 /* ImagePicker.swift */; };
		D73538FF2A4E8C5100BE1E36 /* NewJournalView.swift in Sources */ = {isa = PBXBuildFile; fileRef = D73538FE2A4E8C5100BE1E36 /* NewJournalView.swift */; };
		D73539032A4E901600BE1E36 /* ImageDataModel.swift in Sources */ = {isa = PBXBuildFile; fileRef = D73539022A4E901600BE1E36 /* ImageDataModel.swift */; };
		D73539052A4E920000BE1E36 /* NoteDetailView.swift in Sources */ = {isa = PBXBuildFile; fileRef = D73539042A4E920000BE1E36 /* NoteDetailView.swift */; };
		D751F9D12A4F4DC4004F3292 /* ExampleView.swift in Sources */ = {isa = PBXBuildFile; fileRef = D751F9D02A4F4DC4004F3292 /* ExampleView.swift */; };
/* End PBXBuildFile section */

/* Begin PBXContainerItemProxy section */
		D73507892A4B8890009680DD /* PBXContainerItemProxy */ = {
			isa = PBXContainerItemProxy;
			containerPortal = D73507702A4B888B009680DD /* Project object */;
			proxyType = 1;
			remoteGlobalIDString = D73507772A4B888B009680DD;
			remoteInfo = YOUthElect;
		};
		D73507932A4B8890009680DD /* PBXContainerItemProxy */ = {
			isa = PBXContainerItemProxy;
			containerPortal = D73507702A4B888B009680DD /* Project object */;
			proxyType = 1;
			remoteGlobalIDString = D73507772A4B888B009680DD;
			remoteInfo = YOUthElect;
		};
/* End PBXContainerItemProxy section */

/* Begin PBXFileReference section */
		3B341E642A4DFB2B0076BB5D /* PetitionFourView.swift */ = {isa = PBXFileReference; lastKnownFileType = sourcecode.swift; path = PetitionFourView.swift; sourceTree = "<group>"; };
		3BA298DF2A4CCE0C00ADC09F /* PetitionOneView.swift */ = {isa = PBXFileReference; lastKnownFileType = sourcecode.swift; path = PetitionOneView.swift; sourceTree = "<group>"; };
		3BA298E32A4CCF8B00ADC09F /* PetitionTwoView.swift */ = {isa = PBXFileReference; lastKnownFileType = sourcecode.swift; path = PetitionTwoView.swift; sourceTree = "<group>"; };
		3BA298E52A4CD09100ADC09F /* PetitionThreeView.swift */ = {isa = PBXFileReference; lastKnownFileType = sourcecode.swift; path = PetitionThreeView.swift; sourceTree = "<group>"; };
		D73507782A4B888B009680DD /* YOUthElect.app */ = {isa = PBXFileReference; explicitFileType = wrapper.application; includeInIndex = 0; path = YOUthElect.app; sourceTree = BUILT_PRODUCTS_DIR; };
		D735077B2A4B888B009680DD /* YOUthElectApp.swift */ = {isa = PBXFileReference; lastKnownFileType = sourcecode.swift; path = YOUthElectApp.swift; sourceTree = "<group>"; };
		D735077D2A4B888B009680DD /* ContentView.swift */ = {isa = PBXFileReference; lastKnownFileType = sourcecode.swift; path = ContentView.swift; sourceTree = "<group>"; };
		D735077F2A4B888F009680DD /* Assets.xcassets */ = {isa = PBXFileReference; lastKnownFileType = folder.assetcatalog; path = Assets.xcassets; sourceTree = "<group>"; };
		D73507822A4B888F009680DD /* Preview Assets.xcassets */ = {isa = PBXFileReference; lastKnownFileType = folder.assetcatalog; path = "Preview Assets.xcassets"; sourceTree = "<group>"; };
		D73507882A4B8890009680DD /* YOUthElectTests.xctest */ = {isa = PBXFileReference; explicitFileType = wrapper.cfbundle; includeInIndex = 0; path = YOUthElectTests.xctest; sourceTree = BUILT_PRODUCTS_DIR; };
		D735078C2A4B8890009680DD /* YOUthElectTests.swift */ = {isa = PBXFileReference; lastKnownFileType = sourcecode.swift; path = YOUthElectTests.swift; sourceTree = "<group>"; };
		D73507922A4B8890009680DD /* YOUthElectUITests.xctest */ = {isa = PBXFileReference; explicitFileType = wrapper.cfbundle; includeInIndex = 0; path = YOUthElectUITests.xctest; sourceTree = BUILT_PRODUCTS_DIR; };
		D73507962A4B8890009680DD /* YOUthElectUITests.swift */ = {isa = PBXFileReference; lastKnownFileType = sourcecode.swift; path = YOUthElectUITests.swift; sourceTree = "<group>"; };
		D73507982A4B8890009680DD /* YOUthElectUITestsLaunchTests.swift */ = {isa = PBXFileReference; lastKnownFileType = sourcecode.swift; path = YOUthElectUITestsLaunchTests.swift; sourceTree = "<group>"; };
		D73507A52A4B8D0D009680DD /* TabBarView.swift */ = {isa = PBXFileReference; lastKnownFileType = sourcecode.swift; path = TabBarView.swift; sourceTree = "<group>"; };
		D73507A72A4B8D1E009680DD /* VotingView.swift */ = {isa = PBXFileReference; lastKnownFileType = sourcecode.swift; path = VotingView.swift; sourceTree = "<group>"; };
		D73507A92A4B8D2D009680DD /* PetitionView.swift */ = {isa = PBXFileReference; lastKnownFileType = sourcecode.swift; path = PetitionView.swift; sourceTree = "<group>"; };
		D73507AB2A4B8D49009680DD /* JournalView.swift */ = {isa = PBXFileReference; lastKnownFileType = sourcecode.swift; path = JournalView.swift; sourceTree = "<group>"; };
		D73507AD2A4B8EE1009680DD /* CandidatesView.swift */ = {isa = PBXFileReference; lastKnownFileType = sourcecode.swift; path = CandidatesView.swift; sourceTree = "<group>"; };
		D735080C2A4CCFC5009680DD /* VoteOneView.swift */ = {isa = PBXFileReference; lastKnownFileType = sourcecode.swift; path = VoteOneView.swift; sourceTree = "<group>"; };
		D735080E2A4CD28B009680DD /* VoteTwoView.swift */ = {isa = PBXFileReference; lastKnownFileType = sourcecode.swift; path = VoteTwoView.swift; sourceTree = "<group>"; };
		D73508102A4CD32F009680DD /* VoteThreeView.swift */ = {isa = PBXFileReference; lastKnownFileType = sourcecode.swift; path = VoteThreeView.swift; sourceTree = "<group>"; };
		D73508122A4CD383009680DD /* VoteFourView.swift */ = {isa = PBXFileReference; lastKnownFileType = sourcecode.swift; path = VoteFourView.swift; sourceTree = "<group>"; };
		D73538FC2A4E8B4600BE1E36 /* ImagePicker.swift */ = {isa = PBXFileReference; lastKnownFileType = sourcecode.swift; path = ImagePicker.swift; sourceTree = "<group>"; };
		D73538FE2A4E8C5100BE1E36 /* NewJournalView.swift */ = {isa = PBXFileReference; lastKnownFileType = sourcecode.swift; path = NewJournalView.swift; sourceTree = "<group>"; };
		D73539022A4E901600BE1E36 /* ImageDataModel.swift */ = {isa = PBXFileReference; lastKnownFileType = sourcecode.swift; path = ImageDataModel.swift; sourceTree = "<group>"; };
		D73539042A4E920000BE1E36 /* NoteDetailView.swift */ = {isa = PBXFileReference; lastKnownFileType = sourcecode.swift; path = NoteDetailView.swift; sourceTree = "<group>"; };
		D751F9D02A4F4DC4004F3292 /* ExampleView.swift */ = {isa = PBXFileReference; lastKnownFileType = sourcecode.swift; path = ExampleView.swift; sourceTree = "<group>"; };
/* End PBXFileReference section */

/* Begin PBXFrameworksBuildPhase section */
		D73507752A4B888B009680DD /* Frameworks */ = {
			isa = PBXFrameworksBuildPhase;
			buildActionMask = 2147483647;
			files = (
			);
			runOnlyForDeploymentPostprocessing = 0;
		};
		D73507852A4B8890009680DD /* Frameworks */ = {
			isa = PBXFrameworksBuildPhase;
			buildActionMask = 2147483647;
			files = (
			);
			runOnlyForDeploymentPostprocessing = 0;
		};
		D735078F2A4B8890009680DD /* Frameworks */ = {
			isa = PBXFrameworksBuildPhase;
			buildActionMask = 2147483647;
			files = (
			);
			runOnlyForDeploymentPostprocessing = 0;
		};
/* End PBXFrameworksBuildPhase section */

/* Begin PBXGroup section */
		D735076F2A4B888B009680DD = {
			isa = PBXGroup;
			children = (
				D735077A2A4B888B009680DD /* YOUthElect */,
				D735078B2A4B8890009680DD /* YOUthElectTests */,
				D73507952A4B8890009680DD /* YOUthElectUITests */,
				D73507792A4B888B009680DD /* Products */,
			);
			sourceTree = "<group>";
		};
		D73507792A4B888B009680DD /* Products */ = {
			isa = PBXGroup;
			children = (
				D73507782A4B888B009680DD /* YOUthElect.app */,
				D73507882A4B8890009680DD /* YOUthElectTests.xctest */,
				D73507922A4B8890009680DD /* YOUthElectUITests.xctest */,
			);
			name = Products;
			sourceTree = "<group>";
		};
		D735077A2A4B888B009680DD /* YOUthElect */ = {
			isa = PBXGroup;
			children = (
				D735077B2A4B888B009680DD /* YOUthElectApp.swift */,
				D735077D2A4B888B009680DD /* ContentView.swift */,
				D73507A52A4B8D0D009680DD /* TabBarView.swift */,
				D73507AD2A4B8EE1009680DD /* CandidatesView.swift */,
				D73507A72A4B8D1E009680DD /* VotingView.swift */,
				D73508122A4CD383009680DD /* VoteFourView.swift */,
				D73508102A4CD32F009680DD /* VoteThreeView.swift */,
				D735080C2A4CCFC5009680DD /* VoteOneView.swift */,
				D735080E2A4CD28B009680DD /* VoteTwoView.swift */,
				D73507A92A4B8D2D009680DD /* PetitionView.swift */,
				3B341E642A4DFB2B0076BB5D /* PetitionFourView.swift */,
				3BA298E52A4CD09100ADC09F /* PetitionThreeView.swift */,
				3BA298E32A4CCF8B00ADC09F /* PetitionTwoView.swift */,
				3BA298DF2A4CCE0C00ADC09F /* PetitionOneView.swift */,
				D73539062A4E920400BE1E36 /* JournalViews */,
				D73539002A4E8FED00BE1E36 /* ImageData */,
				D73538FB2A4E8B2200BE1E36 /* ImagePickerFeature */,
				D735077F2A4B888F009680DD /* Assets.xcassets */,
				D73507812A4B888F009680DD /* Preview Content */,
			);
			path = YOUthElect;
			sourceTree = "<group>";
		};
		D73507812A4B888F009680DD /* Preview Content */ = {
			isa = PBXGroup;
			children = (
				D73507822A4B888F009680DD /* Preview Assets.xcassets */,
			);
			path = "Preview Content";
			sourceTree = "<group>";
		};
		D735078B2A4B8890009680DD /* YOUthElectTests */ = {
			isa = PBXGroup;
			children = (
				D735078C2A4B8890009680DD /* YOUthElectTests.swift */,
			);
			path = YOUthElectTests;
			sourceTree = "<group>";
		};
		D73507952A4B8890009680DD /* YOUthElectUITests */ = {
			isa = PBXGroup;
			children = (
				D73507962A4B8890009680DD /* YOUthElectUITests.swift */,
				D73507982A4B8890009680DD /* YOUthElectUITestsLaunchTests.swift */,
			);
			path = YOUthElectUITests;
			sourceTree = "<group>";
		};
		D73538FB2A4E8B2200BE1E36 /* ImagePickerFeature */ = {
			isa = PBXGroup;
			children = (
				D73538FC2A4E8B4600BE1E36 /* ImagePicker.swift */,
			);
			path = ImagePickerFeature;
			sourceTree = "<group>";
		};
		D73539002A4E8FED00BE1E36 /* ImageData */ = {
			isa = PBXGroup;
			children = (
				D73539012A4E8FF600BE1E36 /* Model */,
			);
			path = ImageData;
			sourceTree = "<group>";
		};
		D73539012A4E8FF600BE1E36 /* Model */ = {
			isa = PBXGroup;
			children = (
				D73539022A4E901600BE1E36 /* ImageDataModel.swift */,
			);
			path = Model;
			sourceTree = "<group>";
		};
		D73539062A4E920400BE1E36 /* JournalViews */ = {
			isa = PBXGroup;
			children = (
				D73507AB2A4B8D49009680DD /* JournalView.swift */,
				D73538FE2A4E8C5100BE1E36 /* NewJournalView.swift */,
				D73539042A4E920000BE1E36 /* NoteDetailView.swift */,
				D751F9D02A4F4DC4004F3292 /* ExampleView.swift */,
			);
			path = JournalViews;
			sourceTree = "<group>";
		};
/* End PBXGroup section */

/* Begin PBXNativeTarget section */
		D73507772A4B888B009680DD /* YOUthElect */ = {
			isa = PBXNativeTarget;
			buildConfigurationList = D735079C2A4B8890009680DD /* Build configuration list for PBXNativeTarget "YOUthElect" */;
			buildPhases = (
				D73507742A4B888B009680DD /* Sources */,
				D73507752A4B888B009680DD /* Frameworks */,
				D73507762A4B888B009680DD /* Resources */,
			);
			buildRules = (
			);
			dependencies = (
			);
			name = YOUthElect;
			productName = YOUthElect;
			productReference = D73507782A4B888B009680DD /* YOUthElect.app */;
			productType = "com.apple.product-type.application";
		};
		D73507872A4B8890009680DD /* YOUthElectTests */ = {
			isa = PBXNativeTarget;
			buildConfigurationList = D735079F2A4B8890009680DD /* Build configuration list for PBXNativeTarget "YOUthElectTests" */;
			buildPhases = (
				D73507842A4B8890009680DD /* Sources */,
				D73507852A4B8890009680DD /* Frameworks */,
				D73507862A4B8890009680DD /* Resources */,
			);
			buildRules = (
			);
			dependencies = (
				D735078A2A4B8890009680DD /* PBXTargetDependency */,
			);
			name = YOUthElectTests;
			productName = YOUthElectTests;
			productReference = D73507882A4B8890009680DD /* YOUthElectTests.xctest */;
			productType = "com.apple.product-type.bundle.unit-test";
		};
		D73507912A4B8890009680DD /* YOUthElectUITests */ = {
			isa = PBXNativeTarget;
			buildConfigurationList = D73507A22A4B8890009680DD /* Build configuration list for PBXNativeTarget "YOUthElectUITests" */;
			buildPhases = (
				D735078E2A4B8890009680DD /* Sources */,
				D735078F2A4B8890009680DD /* Frameworks */,
				D73507902A4B8890009680DD /* Resources */,
			);
			buildRules = (
			);
			dependencies = (
				D73507942A4B8890009680DD /* PBXTargetDependency */,
			);
			name = YOUthElectUITests;
			productName = YOUthElectUITests;
			productReference = D73507922A4B8890009680DD /* YOUthElectUITests.xctest */;
			productType = "com.apple.product-type.bundle.ui-testing";
		};
/* End PBXNativeTarget section */

/* Begin PBXProject section */
		D73507702A4B888B009680DD /* Project object */ = {
			isa = PBXProject;
			attributes = {
				BuildIndependentTargetsInParallel = 1;
				LastSwiftUpdateCheck = 1420;
				LastUpgradeCheck = 1420;
				TargetAttributes = {
					D73507772A4B888B009680DD = {
						CreatedOnToolsVersion = 14.2;
					};
					D73507872A4B8890009680DD = {
						CreatedOnToolsVersion = 14.2;
						TestTargetID = D73507772A4B888B009680DD;
					};
					D73507912A4B8890009680DD = {
						CreatedOnToolsVersion = 14.2;
						TestTargetID = D73507772A4B888B009680DD;
					};
				};
			};
			buildConfigurationList = D73507732A4B888B009680DD /* Build configuration list for PBXProject "YOUthElect" */;
			compatibilityVersion = "Xcode 14.0";
			developmentRegion = en;
			hasScannedForEncodings = 0;
			knownRegions = (
				en,
				Base,
			);
			mainGroup = D735076F2A4B888B009680DD;
			productRefGroup = D73507792A4B888B009680DD /* Products */;
			projectDirPath = "";
			projectRoot = "";
			targets = (
				D73507772A4B888B009680DD /* YOUthElect */,
				D73507872A4B8890009680DD /* YOUthElectTests */,
				D73507912A4B8890009680DD /* YOUthElectUITests */,
			);
		};
/* End PBXProject section */

/* Begin PBXResourcesBuildPhase section */
		D73507762A4B888B009680DD /* Resources */ = {
			isa = PBXResourcesBuildPhase;
			buildActionMask = 2147483647;
			files = (
				D73507832A4B888F009680DD /* Preview Assets.xcassets in Resources */,
				D73507802A4B888F009680DD /* Assets.xcassets in Resources */,
			);
			runOnlyForDeploymentPostprocessing = 0;
		};
		D73507862A4B8890009680DD /* Resources */ = {
			isa = PBXResourcesBuildPhase;
			buildActionMask = 2147483647;
			files = (
			);
			runOnlyForDeploymentPostprocessing = 0;
		};
		D73507902A4B8890009680DD /* Resources */ = {
			isa = PBXResourcesBuildPhase;
			buildActionMask = 2147483647;
			files = (
			);
			runOnlyForDeploymentPostprocessing = 0;
		};
/* End PBXResourcesBuildPhase section */

/* Begin PBXSourcesBuildPhase section */
		D73507742A4B888B009680DD /* Sources */ = {
			isa = PBXSourcesBuildPhase;
			buildActionMask = 2147483647;
			files = (
				D73508132A4CD383009680DD /* VoteFourView.swift in Sources */,
				D73507AC2A4B8D49009680DD /* JournalView.swift in Sources */,
				3BA298E62A4CD09100ADC09F /* PetitionThreeView.swift in Sources */,
				3BA298E02A4CCE0C00ADC09F /* PetitionOneView.swift in Sources */,
				3BA298E42A4CCF8B00ADC09F /* PetitionTwoView.swift in Sources */,
				D73507AA2A4B8D2D009680DD /* PetitionView.swift in Sources */,
				D735077E2A4B888B009680DD /* ContentView.swift in Sources */,
				D73507AE2A4B8EE1009680DD /* CandidatesView.swift in Sources */,
				D735080F2A4CD28B009680DD /* VoteTwoView.swift in Sources */,
				D73508112A4CD32F009680DD /* VoteThreeView.swift in Sources */,
				D73539052A4E920000BE1E36 /* NoteDetailView.swift in Sources */,
				D73507A82A4B8D1E009680DD /* VotingView.swift in Sources */,
				D73538FF2A4E8C5100BE1E36 /* NewJournalView.swift in Sources */,
				D73507A62A4B8D0D009680DD /* TabBarView.swift in Sources */,
				D73539032A4E901600BE1E36 /* ImageDataModel.swift in Sources */,
				D735077C2A4B888B009680DD /* YOUthElectApp.swift in Sources */,
				D73538FD2A4E8B4600BE1E36 /* ImagePicker.swift in Sources */,
				3B341E652A4DFB2B0076BB5D /* PetitionFourView.swift in Sources */,
				D735080D2A4CCFC5009680DD /* VoteOneView.swift in Sources */,
				D751F9D12A4F4DC4004F3292 /* ExampleView.swift in Sources */,
			);
			runOnlyForDeploymentPostprocessing = 0;
		};
		D73507842A4B8890009680DD /* Sources */ = {
			isa = PBXSourcesBuildPhase;
			buildActionMask = 2147483647;
			files = (
				D735078D2A4B8890009680DD /* YOUthElectTests.swift in Sources */,
			);
			runOnlyForDeploymentPostprocessing = 0;
		};
		D735078E2A4B8890009680DD /* Sources */ = {
			isa = PBXSourcesBuildPhase;
			buildActionMask = 2147483647;
			files = (
				D73507992A4B8890009680DD /* YOUthElectUITestsLaunchTests.swift in Sources */,
				D73507972A4B8890009680DD /* YOUthElectUITests.swift in Sources */,
			);
			runOnlyForDeploymentPostprocessing = 0;
		};
/* End PBXSourcesBuildPhase section */

/* Begin PBXTargetDependency section */
		D735078A2A4B8890009680DD /* PBXTargetDependency */ = {
			isa = PBXTargetDependency;
			target = D73507772A4B888B009680DD /* YOUthElect */;
			targetProxy = D73507892A4B8890009680DD /* PBXContainerItemProxy */;
		};
		D73507942A4B8890009680DD /* PBXTargetDependency */ = {
			isa = PBXTargetDependency;
			target = D73507772A4B888B009680DD /* YOUthElect */;
			targetProxy = D73507932A4B8890009680DD /* PBXContainerItemProxy */;
		};
/* End PBXTargetDependency section */

/* Begin XCBuildConfiguration section */
		D735079A2A4B8890009680DD /* Debug */ = {
			isa = XCBuildConfiguration;
			buildSettings = {
				ALWAYS_SEARCH_USER_PATHS = NO;
				CLANG_ANALYZER_NONNULL = YES;
				CLANG_ANALYZER_NUMBER_OBJECT_CONVERSION = YES_AGGRESSIVE;
				CLANG_CXX_LANGUAGE_STANDARD = "gnu++20";
				CLANG_ENABLE_MODULES = YES;
				CLANG_ENABLE_OBJC_ARC = YES;
				CLANG_ENABLE_OBJC_WEAK = YES;
				CLANG_WARN_BLOCK_CAPTURE_AUTORELEASING = YES;
				CLANG_WARN_BOOL_CONVERSION = YES;
				CLANG_WARN_COMMA = YES;
				CLANG_WARN_CONSTANT_CONVERSION = YES;
				CLANG_WARN_DEPRECATED_OBJC_IMPLEMENTATIONS = YES;
				CLANG_WARN_DIRECT_OBJC_ISA_USAGE = YES_ERROR;
				CLANG_WARN_DOCUMENTATION_COMMENTS = YES;
				CLANG_WARN_EMPTY_BODY = YES;
				CLANG_WARN_ENUM_CONVERSION = YES;
				CLANG_WARN_INFINITE_RECURSION = YES;
				CLANG_WARN_INT_CONVERSION = YES;
				CLANG_WARN_NON_LITERAL_NULL_CONVERSION = YES;
				CLANG_WARN_OBJC_IMPLICIT_RETAIN_SELF = YES;
				CLANG_WARN_OBJC_LITERAL_CONVERSION = YES;
				CLANG_WARN_OBJC_ROOT_CLASS = YES_ERROR;
				CLANG_WARN_QUOTED_INCLUDE_IN_FRAMEWORK_HEADER = YES;
				CLANG_WARN_RANGE_LOOP_ANALYSIS = YES;
				CLANG_WARN_STRICT_PROTOTYPES = YES;
				CLANG_WARN_SUSPICIOUS_MOVE = YES;
				CLANG_WARN_UNGUARDED_AVAILABILITY = YES_AGGRESSIVE;
				CLANG_WARN_UNREACHABLE_CODE = YES;
				CLANG_WARN__DUPLICATE_METHOD_MATCH = YES;
				COPY_PHASE_STRIP = NO;
				DEBUG_INFORMATION_FORMAT = dwarf;
				ENABLE_STRICT_OBJC_MSGSEND = YES;
				ENABLE_TESTABILITY = YES;
				GCC_C_LANGUAGE_STANDARD = gnu11;
				GCC_DYNAMIC_NO_PIC = NO;
				GCC_NO_COMMON_BLOCKS = YES;
				GCC_OPTIMIZATION_LEVEL = 0;
				GCC_PREPROCESSOR_DEFINITIONS = (
					"DEBUG=1",
					"$(inherited)",
				);
				GCC_WARN_64_TO_32_BIT_CONVERSION = YES;
				GCC_WARN_ABOUT_RETURN_TYPE = YES_ERROR;
				GCC_WARN_UNDECLARED_SELECTOR = YES;
				GCC_WARN_UNINITIALIZED_AUTOS = YES_AGGRESSIVE;
				GCC_WARN_UNUSED_FUNCTION = YES;
				GCC_WARN_UNUSED_VARIABLE = YES;
				IPHONEOS_DEPLOYMENT_TARGET = 16.2;
				MTL_ENABLE_DEBUG_INFO = INCLUDE_SOURCE;
				MTL_FAST_MATH = YES;
				ONLY_ACTIVE_ARCH = YES;
				SDKROOT = iphoneos;
				SWIFT_ACTIVE_COMPILATION_CONDITIONS = DEBUG;
				SWIFT_OPTIMIZATION_LEVEL = "-Onone";
			};
			name = Debug;
		};
		D735079B2A4B8890009680DD /* Release */ = {
			isa = XCBuildConfiguration;
			buildSettings = {
				ALWAYS_SEARCH_USER_PATHS = NO;
				CLANG_ANALYZER_NONNULL = YES;
				CLANG_ANALYZER_NUMBER_OBJECT_CONVERSION = YES_AGGRESSIVE;
				CLANG_CXX_LANGUAGE_STANDARD = "gnu++20";
				CLANG_ENABLE_MODULES = YES;
				CLANG_ENABLE_OBJC_ARC = YES;
				CLANG_ENABLE_OBJC_WEAK = YES;
				CLANG_WARN_BLOCK_CAPTURE_AUTORELEASING = YES;
				CLANG_WARN_BOOL_CONVERSION = YES;
				CLANG_WARN_COMMA = YES;
				CLANG_WARN_CONSTANT_CONVERSION = YES;
				CLANG_WARN_DEPRECATED_OBJC_IMPLEMENTATIONS = YES;
				CLANG_WARN_DIRECT_OBJC_ISA_USAGE = YES_ERROR;
				CLANG_WARN_DOCUMENTATION_COMMENTS = YES;
				CLANG_WARN_EMPTY_BODY = YES;
				CLANG_WARN_ENUM_CONVERSION = YES;
				CLANG_WARN_INFINITE_RECURSION = YES;
				CLANG_WARN_INT_CONVERSION = YES;
				CLANG_WARN_NON_LITERAL_NULL_CONVERSION = YES;
				CLANG_WARN_OBJC_IMPLICIT_RETAIN_SELF = YES;
				CLANG_WARN_OBJC_LITERAL_CONVERSION = YES;
				CLANG_WARN_OBJC_ROOT_CLASS = YES_ERROR;
				CLANG_WARN_QUOTED_INCLUDE_IN_FRAMEWORK_HEADER = YES;
				CLANG_WARN_RANGE_LOOP_ANALYSIS = YES;
				CLANG_WARN_STRICT_PROTOTYPES = YES;
				CLANG_WARN_SUSPICIOUS_MOVE = YES;
				CLANG_WARN_UNGUARDED_AVAILABILITY = YES_AGGRESSIVE;
				CLANG_WARN_UNREACHABLE_CODE = YES;
				CLANG_WARN__DUPLICATE_METHOD_MATCH = YES;
				COPY_PHASE_STRIP = NO;
				DEBUG_INFORMATION_FORMAT = "dwarf-with-dsym";
				ENABLE_NS_ASSERTIONS = NO;
				ENABLE_STRICT_OBJC_MSGSEND = YES;
				GCC_C_LANGUAGE_STANDARD = gnu11;
				GCC_NO_COMMON_BLOCKS = YES;
				GCC_WARN_64_TO_32_BIT_CONVERSION = YES;
				GCC_WARN_ABOUT_RETURN_TYPE = YES_ERROR;
				GCC_WARN_UNDECLARED_SELECTOR = YES;
				GCC_WARN_UNINITIALIZED_AUTOS = YES_AGGRESSIVE;
				GCC_WARN_UNUSED_FUNCTION = YES;
				GCC_WARN_UNUSED_VARIABLE = YES;
				IPHONEOS_DEPLOYMENT_TARGET = 16.2;
				MTL_ENABLE_DEBUG_INFO = NO;
				MTL_FAST_MATH = YES;
				SDKROOT = iphoneos;
				SWIFT_COMPILATION_MODE = wholemodule;
				SWIFT_OPTIMIZATION_LEVEL = "-O";
				VALIDATE_PRODUCT = YES;
			};
			name = Release;
		};
		D735079D2A4B8890009680DD /* Debug */ = {
			isa = XCBuildConfiguration;
			buildSettings = {
				ASSETCATALOG_COMPILER_APPICON_NAME = AppIcon;
				ASSETCATALOG_COMPILER_GLOBAL_ACCENT_COLOR_NAME = AccentColor;
				CODE_SIGN_STYLE = Automatic;
				CURRENT_PROJECT_VERSION = 1;
				DEVELOPMENT_ASSET_PATHS = "\"YOUthElect/Preview Content\"";
				DEVELOPMENT_TEAM = N8R88TDZ27;
				ENABLE_PREVIEWS = YES;
				GENERATE_INFOPLIST_FILE = YES;
				INFOPLIST_KEY_UIApplicationSceneManifest_Generation = YES;
				INFOPLIST_KEY_UIApplicationSupportsIndirectInputEvents = YES;
				INFOPLIST_KEY_UILaunchScreen_Generation = YES;
				INFOPLIST_KEY_UISupportedInterfaceOrientations_iPad = "UIInterfaceOrientationPortrait UIInterfaceOrientationPortraitUpsideDown UIInterfaceOrientationLandscapeLeft UIInterfaceOrientationLandscapeRight";
				INFOPLIST_KEY_UISupportedInterfaceOrientations_iPhone = "UIInterfaceOrientationPortrait UIInterfaceOrientationLandscapeLeft UIInterfaceOrientationLandscapeRight";
				LD_RUNPATH_SEARCH_PATHS = (
					"$(inherited)",
					"@executable_path/Frameworks",
				);
				MARKETING_VERSION = 1.0;
				PRODUCT_BUNDLE_IDENTIFIER = KWK.YOUthElect;
				PRODUCT_NAME = "$(TARGET_NAME)";
				SWIFT_EMIT_LOC_STRINGS = YES;
				SWIFT_VERSION = 5.0;
				TARGETED_DEVICE_FAMILY = "1,2";
			};
			name = Debug;
		};
		D735079E2A4B8890009680DD /* Release */ = {
			isa = XCBuildConfiguration;
			buildSettings = {
				ASSETCATALOG_COMPILER_APPICON_NAME = AppIcon;
				ASSETCATALOG_COMPILER_GLOBAL_ACCENT_COLOR_NAME = AccentColor;
				CODE_SIGN_STYLE = Automatic;
				CURRENT_PROJECT_VERSION = 1;
				DEVELOPMENT_ASSET_PATHS = "\"YOUthElect/Preview Content\"";
				DEVELOPMENT_TEAM = N8R88TDZ27;
				ENABLE_PREVIEWS = YES;
				GENERATE_INFOPLIST_FILE = YES;
				INFOPLIST_KEY_UIApplicationSceneManifest_Generation = YES;
				INFOPLIST_KEY_UIApplicationSupportsIndirectInputEvents = YES;
				INFOPLIST_KEY_UILaunchScreen_Generation = YES;
				INFOPLIST_KEY_UISupportedInterfaceOrientations_iPad = "UIInterfaceOrientationPortrait UIInterfaceOrientationPortraitUpsideDown UIInterfaceOrientationLandscapeLeft UIInterfaceOrientationLandscapeRight";
				INFOPLIST_KEY_UISupportedInterfaceOrientations_iPhone = "UIInterfaceOrientationPortrait UIInterfaceOrientationLandscapeLeft UIInterfaceOrientationLandscapeRight";
				LD_RUNPATH_SEARCH_PATHS = (
					"$(inherited)",
					"@executable_path/Frameworks",
				);
				MARKETING_VERSION = 1.0;
				PRODUCT_BUNDLE_IDENTIFIER = KWK.YOUthElect;
				PRODUCT_NAME = "$(TARGET_NAME)";
				SWIFT_EMIT_LOC_STRINGS = YES;
				SWIFT_VERSION = 5.0;
				TARGETED_DEVICE_FAMILY = "1,2";
			};
			name = Release;
		};
		D73507A02A4B8890009680DD /* Debug */ = {
			isa = XCBuildConfiguration;
			buildSettings = {
				ALWAYS_EMBED_SWIFT_STANDARD_LIBRARIES = YES;
				BUNDLE_LOADER = "$(TEST_HOST)";
				CODE_SIGN_STYLE = Automatic;
				CURRENT_PROJECT_VERSION = 1;
				DEVELOPMENT_TEAM = N8R88TDZ27;
				GENERATE_INFOPLIST_FILE = YES;
				IPHONEOS_DEPLOYMENT_TARGET = 16.2;
				MARKETING_VERSION = 1.0;
				PRODUCT_BUNDLE_IDENTIFIER = KWK.YOUthElectTests;
				PRODUCT_NAME = "$(TARGET_NAME)";
				SWIFT_EMIT_LOC_STRINGS = NO;
				SWIFT_VERSION = 5.0;
				TARGETED_DEVICE_FAMILY = "1,2";
				TEST_HOST = "$(BUILT_PRODUCTS_DIR)/YOUthElect.app/$(BUNDLE_EXECUTABLE_FOLDER_PATH)/YOUthElect";
			};
			name = Debug;
		};
		D73507A12A4B8890009680DD /* Release */ = {
			isa = XCBuildConfiguration;
			buildSettings = {
				ALWAYS_EMBED_SWIFT_STANDARD_LIBRARIES = YES;
				BUNDLE_LOADER = "$(TEST_HOST)";
				CODE_SIGN_STYLE = Automatic;
				CURRENT_PROJECT_VERSION = 1;
				DEVELOPMENT_TEAM = N8R88TDZ27;
				GENERATE_INFOPLIST_FILE = YES;
				IPHONEOS_DEPLOYMENT_TARGET = 16.2;
				MARKETING_VERSION = 1.0;
				PRODUCT_BUNDLE_IDENTIFIER = KWK.YOUthElectTests;
				PRODUCT_NAME = "$(TARGET_NAME)";
				SWIFT_EMIT_LOC_STRINGS = NO;
				SWIFT_VERSION = 5.0;
				TARGETED_DEVICE_FAMILY = "1,2";
				TEST_HOST = "$(BUILT_PRODUCTS_DIR)/YOUthElect.app/$(BUNDLE_EXECUTABLE_FOLDER_PATH)/YOUthElect";
			};
			name = Release;
		};
		D73507A32A4B8890009680DD /* Debug */ = {
			isa = XCBuildConfiguration;
			buildSettings = {
				ALWAYS_EMBED_SWIFT_STANDARD_LIBRARIES = YES;
				CODE_SIGN_STYLE = Automatic;
				CURRENT_PROJECT_VERSION = 1;
				DEVELOPMENT_TEAM = N8R88TDZ27;
				GENERATE_INFOPLIST_FILE = YES;
				MARKETING_VERSION = 1.0;
				PRODUCT_BUNDLE_IDENTIFIER = KWK.YOUthElectUITests;
				PRODUCT_NAME = "$(TARGET_NAME)";
				SWIFT_EMIT_LOC_STRINGS = NO;
				SWIFT_VERSION = 5.0;
				TARGETED_DEVICE_FAMILY = "1,2";
				TEST_TARGET_NAME = YOUthElect;
			};
			name = Debug;
		};
		D73507A42A4B8890009680DD /* Release */ = {
			isa = XCBuildConfiguration;
			buildSettings = {
				ALWAYS_EMBED_SWIFT_STANDARD_LIBRARIES = YES;
				CODE_SIGN_STYLE = Automatic;
				CURRENT_PROJECT_VERSION = 1;
				DEVELOPMENT_TEAM = N8R88TDZ27;
				GENERATE_INFOPLIST_FILE = YES;
				MARKETING_VERSION = 1.0;
				PRODUCT_BUNDLE_IDENTIFIER = KWK.YOUthElectUITests;
				PRODUCT_NAME = "$(TARGET_NAME)";
				SWIFT_EMIT_LOC_STRINGS = NO;
				SWIFT_VERSION = 5.0;
				TARGETED_DEVICE_FAMILY = "1,2";
				TEST_TARGET_NAME = YOUthElect;
			};
			name = Release;
		};
/* End XCBuildConfiguration section */

/* Begin XCConfigurationList section */
		D73507732A4B888B009680DD /* Build configuration list for PBXProject "YOUthElect" */ = {
			isa = XCConfigurationList;
			buildConfigurations = (
				D735079A2A4B8890009680DD /* Debug */,
				D735079B2A4B8890009680DD /* Release */,
			);
			defaultConfigurationIsVisible = 0;
			defaultConfigurationName = Release;
		};
		D735079C2A4B8890009680DD /* Build configuration list for PBXNativeTarget "YOUthElect" */ = {
			isa = XCConfigurationList;
			buildConfigurations = (
				D735079D2A4B8890009680DD /* Debug */,
				D735079E2A4B8890009680DD /* Release */,
			);
			defaultConfigurationIsVisible = 0;
			defaultConfigurationName = Release;
		};
		D735079F2A4B8890009680DD /* Build configuration list for PBXNativeTarget "YOUthElectTests" */ = {
			isa = XCConfigurationList;
			buildConfigurations = (
				D73507A02A4B8890009680DD /* Debug */,
				D73507A12A4B8890009680DD /* Release */,
			);
			defaultConfigurationIsVisible = 0;
			defaultConfigurationName = Release;
		};
		D73507A22A4B8890009680DD /* Build configuration list for PBXNativeTarget "YOUthElectUITests" */ = {
			isa = XCConfigurationList;
			buildConfigurations = (
				D73507A32A4B8890009680DD /* Debug */,
				D73507A42A4B8890009680DD /* Release */,
			);
			defaultConfigurationIsVisible = 0;
			defaultConfigurationName = Release;
		};
/* End XCConfigurationList section */
	};
	rootObject = D73507702A4B888B009680DD /* Project object */;
}
